
Microsoft Visual Studio Solution File, Format Version 12.00
# Visual Studio Version 17
VisualStudioVersion = 17.10.35013.160
MinimumVisualStudioVersion = 10.0.40219.1
Project("{9A19103F-16F7-4668-BE54-9A1E7A4F7556}") = "rockyousearcher", "rockyousearcher.csproj", "{23773304-4315-4A3A-A312-C730DDD4B950}"
EndProject
Global
	GlobalSection(SolutionConfigurationPlatforms) = preSolution
		Debug|Any CPU = Debug|Any CPU
		Release|Any CPU = Release|Any CPU
	EndGlobalSection
	GlobalSection(ProjectConfigurationPlatforms) = postSolution
		{23773304-4315-4A3A-A312-C730DDD4B950}.Debug|Any CPU.ActiveCfg = Debug|Any CPU
		{23773304-4315-4A3A-A312-C730DDD4B950}.Debug|Any CPU.Build.0 = Debug|Any CPU
		{23773304-4315-4A3A-A312-C730DDD4B950}.Release|Any CPU.ActiveCfg = Release|Any CPU
		{23773304-4315-4A3A-A312-C730DDD4B950}.Release|Any CPU.Build.0 = Release|Any CPU
	EndGlobalSection
	GlobalSection(SolutionProperties) = preSolution
		HideSolutionNode = FALSE
	EndGlobalSection
	GlobalSection(ExtensibilityGlobals) = postSolution
		SolutionGuid = {A36E8F9A-4CD0-42A1-80A6-0577A8CE6E4E}
	EndGlobalSection
EndGlobal
